
Microsoft Visual Studio Solution File, Format Version 12.00
# Visual Studio Version 17
VisualStudioVersion = 17.14.36511.14
MinimumVisualStudioVersion = 10.0.40219.1
Project("{FAE04EC0-301F-11D3-BF4B-00C04F79EFBC}") = "PersonVehicle.SI", "PersonVehicleApi\PersonVehicle.SI.csproj", "{D44BA145-42CB-4B32-B7DD-303F194FB9F7}"
EndProject
Project("{FAE04EC0-301F-11D3-BF4B-00C04F79EFBC}") = "PersonVehicle.BL", "PersonVehicle.BL\PersonVehicle.BL.csproj", "{0810D4F5-88F0-477A-AA16-AA252179CCAD}"
EndProject
Project("{FAE04EC0-301F-11D3-BF4B-00C04F79EFBC}") = "PersonVehicle.DA", "PersonVehicle.DA\PersonVehicle.DA.csproj", "{0921380D-3DC2-4341-B1C7-AC247BC7253B}"
EndProject
Project("{FAE04EC0-301F-11D3-BF4B-00C04F79EFBC}") = "PersonVehicle.Model", "PersonVehicle.Model\PersonVehicle.Model.csproj", "{EABE02CC-699B-4438-AABC-347AF1478014}"
EndProject
Global
	GlobalSection(SolutionConfigurationPlatforms) = preSolution
		Debug|Any CPU = Debug|Any CPU
		Release|Any CPU = Release|Any CPU
	EndGlobalSection
	GlobalSection(ProjectConfigurationPlatforms) = postSolution
		{D44BA145-42CB-4B32-B7DD-303F194FB9F7}.Debug|Any CPU.ActiveCfg = Debug|Any CPU
		{D44BA145-42CB-4B32-B7DD-303F194FB9F7}.Debug|Any CPU.Build.0 = Debug|Any CPU
		{D44BA145-42CB-4B32-B7DD-303F194FB9F7}.Release|Any CPU.ActiveCfg = Release|Any CPU
		{D44BA145-42CB-4B32-B7DD-303F194FB9F7}.Release|Any CPU.Build.0 = Release|Any CPU
		{0810D4F5-88F0-477A-AA16-AA252179CCAD}.Debug|Any CPU.ActiveCfg = Debug|Any CPU
		{0810D4F5-88F0-477A-AA16-AA252179CCAD}.Debug|Any CPU.Build.0 = Debug|Any CPU
		{0810D4F5-88F0-477A-AA16-AA252179CCAD}.Release|Any CPU.ActiveCfg = Release|Any CPU
		{0810D4F5-88F0-477A-AA16-AA252179CCAD}.Release|Any CPU.Build.0 = Release|Any CPU
		{0921380D-3DC2-4341-B1C7-AC247BC7253B}.Debug|Any CPU.ActiveCfg = Debug|Any CPU
		{0921380D-3DC2-4341-B1C7-AC247BC7253B}.Debug|Any CPU.Build.0 = Debug|Any CPU
		{0921380D-3DC2-4341-B1C7-AC247BC7253B}.Release|Any CPU.ActiveCfg = Release|Any CPU
		{0921380D-3DC2-4341-B1C7-AC247BC7253B}.Release|Any CPU.Build.0 = Release|Any CPU
		{EABE02CC-699B-4438-AABC-347AF1478014}.Debug|Any CPU.ActiveCfg = Debug|Any CPU
		{EABE02CC-699B-4438-AABC-347AF1478014}.Debug|Any CPU.Build.0 = Debug|Any CPU
		{EABE02CC-699B-4438-AABC-347AF1478014}.Release|Any CPU.ActiveCfg = Release|Any CPU
		{EABE02CC-699B-4438-AABC-347AF1478014}.Release|Any CPU.Build.0 = Release|Any CPU
	EndGlobalSection
	GlobalSection(SolutionProperties) = preSolution
		HideSolutionNode = FALSE
	EndGlobalSection
	GlobalSection(ExtensibilityGlobals) = postSolution
		SolutionGuid = {E1F2B49D-3E47-4DD2-A5DE-40B3ACB3E256}
	EndGlobalSection
EndGlobal
